
Microsoft Visual Studio Solution File, Format Version 12.00
# Visual Studio Version 16
VisualStudioVersion = 16.0.30907.101
MinimumVisualStudioVersion = 10.0.40219.1
Project("{9A19103F-16F7-4668-BE54-9A1E7A4F7556}") = "MvcClient", "MvcClient.csproj", "{EDF4798A-8D3A-4E51-B9F6-23A8D42AF0F7}"
EndProject
Global
	GlobalSection(SolutionConfigurationPlatforms) = preSolution
		Debug|Any CPU = Debug|Any CPU
		Release|Any CPU = Release|Any CPU
	EndGlobalSection
	GlobalSection(ProjectConfigurationPlatforms) = postSolution
		{EDF4798A-8D3A-4E51-B9F6-23A8D42AF0F7}.Debug|Any CPU.ActiveCfg = Debug|Any CPU
		{EDF4798A-8D3A-4E51-B9F6-23A8D42AF0F7}.Debug|Any CPU.Build.0 = Debug|Any CPU
		{EDF4798A-8D3A-4E51-B9F6-23A8D42AF0F7}.Release|Any CPU.ActiveCfg = Release|Any CPU
		{EDF4798A-8D3A-4E51-B9F6-23A8D42AF0F7}.Release|Any CPU.Build.0 = Release|Any CPU
	EndGlobalSection
	GlobalSection(SolutionProperties) = preSolution
		HideSolutionNode = FALSE
	EndGlobalSection
	GlobalSection(ExtensibilityGlobals) = postSolution
		SolutionGuid = {7647D3DA-DD82-488C-A7C2-CA683319178A}
	EndGlobalSection
EndGlobal
